
Microsoft Visual Studio Solution File, Format Version 12.00
# Visual Studio Version 17
VisualStudioVersion = 17.2.32602.215
MinimumVisualStudioVersion = 10.0.40219.1
Project("{FAE04EC0-301F-11D3-BF4B-00C04F79EFBC}") = "_CalculatorConsole", "CalculatorConsole\_CalculatorConsole.csproj", "{DA503047-0FF3-4705-9FD1-74CD7671597C}"
EndProject
Project("{FAE04EC0-301F-11D3-BF4B-00C04F79EFBC}") = "CalculatorClasses", "CalculatorClasses\CalculatorClasses.csproj", "{992E6285-DF77-4831-9117-C1149E877231}"
EndProject
Project("{FAE04EC0-301F-11D3-BF4B-00C04F79EFBC}") = "ConsoleHelpers", "ConsoleHelpers\ConsoleHelpers.csproj", "{AAB50772-5CE8-4A27-9BC5-4051B875AE54}"
EndProject
Project("{FAE04EC0-301F-11D3-BF4B-00C04F79EFBC}") = "CalculatorClasses.Test", "CalculatorClasses.Text\CalculatorClasses.Test.csproj", "{BE61AF7D-6071-4206-A5A7-72E93142E063}"
EndProject
Project("{FAE04EC0-301F-11D3-BF4B-00C04F79EFBC}") = "Calculator", "Calculator\Calculator.csproj", "{699315A9-72C7-4C08-965F-8D8141520C86}"
EndProject
Global
	GlobalSection(SolutionConfigurationPlatforms) = preSolution
		Debug|Any CPU = Debug|Any CPU
		Release|Any CPU = Release|Any CPU
	EndGlobalSection
	GlobalSection(ProjectConfigurationPlatforms) = postSolution
		{DA503047-0FF3-4705-9FD1-74CD7671597C}.Debug|Any CPU.ActiveCfg = Debug|Any CPU
		{DA503047-0FF3-4705-9FD1-74CD7671597C}.Debug|Any CPU.Build.0 = Debug|Any CPU
		{DA503047-0FF3-4705-9FD1-74CD7671597C}.Release|Any CPU.ActiveCfg = Release|Any CPU
		{DA503047-0FF3-4705-9FD1-74CD7671597C}.Release|Any CPU.Build.0 = Release|Any CPU
		{992E6285-DF77-4831-9117-C1149E877231}.Debug|Any CPU.ActiveCfg = Debug|Any CPU
		{992E6285-DF77-4831-9117-C1149E877231}.Debug|Any CPU.Build.0 = Debug|Any CPU
		{992E6285-DF77-4831-9117-C1149E877231}.Release|Any CPU.ActiveCfg = Release|Any CPU
		{992E6285-DF77-4831-9117-C1149E877231}.Release|Any CPU.Build.0 = Release|Any CPU
		{AAB50772-5CE8-4A27-9BC5-4051B875AE54}.Debug|Any CPU.ActiveCfg = Debug|Any CPU
		{AAB50772-5CE8-4A27-9BC5-4051B875AE54}.Debug|Any CPU.Build.0 = Debug|Any CPU
		{AAB50772-5CE8-4A27-9BC5-4051B875AE54}.Release|Any CPU.ActiveCfg = Release|Any CPU
		{AAB50772-5CE8-4A27-9BC5-4051B875AE54}.Release|Any CPU.Build.0 = Release|Any CPU
		{BE61AF7D-6071-4206-A5A7-72E93142E063}.Debug|Any CPU.ActiveCfg = Debug|Any CPU
		{BE61AF7D-6071-4206-A5A7-72E93142E063}.Debug|Any CPU.Build.0 = Debug|Any CPU
		{BE61AF7D-6071-4206-A5A7-72E93142E063}.Release|Any CPU.ActiveCfg = Release|Any CPU
		{BE61AF7D-6071-4206-A5A7-72E93142E063}.Release|Any CPU.Build.0 = Release|Any CPU
		{699315A9-72C7-4C08-965F-8D8141520C86}.Debug|Any CPU.ActiveCfg = Debug|Any CPU
		{699315A9-72C7-4C08-965F-8D8141520C86}.Debug|Any CPU.Build.0 = Debug|Any CPU
		{699315A9-72C7-4C08-965F-8D8141520C86}.Release|Any CPU.ActiveCfg = Release|Any CPU
		{699315A9-72C7-4C08-965F-8D8141520C86}.Release|Any CPU.Build.0 = Release|Any CPU
	EndGlobalSection
	GlobalSection(SolutionProperties) = preSolution
		HideSolutionNode = FALSE
	EndGlobalSection
	GlobalSection(ExtensibilityGlobals) = postSolution
		SolutionGuid = {39EF3D21-22B6-4879-ADC9-3CA558454BCE}
	EndGlobalSection
EndGlobal
